
Microsoft Visual Studio Solution File, Format Version 12.00
# Visual Studio Version 16
VisualStudioVersion = 16.0.30204.135
MinimumVisualStudioVersion = 10.0.40219.1
Project("{FAE04EC0-301F-11D3-BF4B-00C04F79EFBC}") = "Prime Factorization", "Prime Factorization\Prime Factorization.csproj", "{3E682FCC-7B39-4C2E-A810-D62C767A084E}"
EndProject
Global
	GlobalSection(SolutionConfigurationPlatforms) = preSolution
		Debug|Any CPU = Debug|Any CPU
		Release|Any CPU = Release|Any CPU
	EndGlobalSection
	GlobalSection(ProjectConfigurationPlatforms) = postSolution
		{3E682FCC-7B39-4C2E-A810-D62C767A084E}.Debug|Any CPU.ActiveCfg = Debug|Any CPU
		{3E682FCC-7B39-4C2E-A810-D62C767A084E}.Debug|Any CPU.Build.0 = Debug|Any CPU
		{3E682FCC-7B39-4C2E-A810-D62C767A084E}.Release|Any CPU.ActiveCfg = Release|Any CPU
		{3E682FCC-7B39-4C2E-A810-D62C767A084E}.Release|Any CPU.Build.0 = Release|Any CPU
	EndGlobalSection
	GlobalSection(SolutionProperties) = preSolution
		HideSolutionNode = FALSE
	EndGlobalSection
	GlobalSection(ExtensibilityGlobals) = postSolution
		SolutionGuid = {98844D43-7C74-4DB2-B586-7D465224257E}
	EndGlobalSection
EndGlobal
