
Microsoft Visual Studio Solution File, Format Version 12.00
# Visual Studio Version 16
VisualStudioVersion = 16.0.30204.135
MinimumVisualStudioVersion = 10.0.40219.1
Project("{FAE04EC0-301F-11D3-BF4B-00C04F79EFBC}") = "Sorting", "Sorting\Sorting.csproj", "{FDA4495C-60C2-486E-9665-0AC306D592EE}"
EndProject
Global
	GlobalSection(SolutionConfigurationPlatforms) = preSolution
		Debug|Any CPU = Debug|Any CPU
		Release|Any CPU = Release|Any CPU
	EndGlobalSection
	GlobalSection(ProjectConfigurationPlatforms) = postSolution
		{FDA4495C-60C2-486E-9665-0AC306D592EE}.Debug|Any CPU.ActiveCfg = Debug|Any CPU
		{FDA4495C-60C2-486E-9665-0AC306D592EE}.Debug|Any CPU.Build.0 = Debug|Any CPU
		{FDA4495C-60C2-486E-9665-0AC306D592EE}.Release|Any CPU.ActiveCfg = Release|Any CPU
		{FDA4495C-60C2-486E-9665-0AC306D592EE}.Release|Any CPU.Build.0 = Release|Any CPU
	EndGlobalSection
	GlobalSection(SolutionProperties) = preSolution
		HideSolutionNode = FALSE
	EndGlobalSection
	GlobalSection(ExtensibilityGlobals) = postSolution
		SolutionGuid = {21BDC79E-04C9-4694-8BFE-6032DA19834D}
	EndGlobalSection
EndGlobal
